
Microsoft Visual Studio Solution File, Format Version 12.00
# Visual Studio Version 17
VisualStudioVersion = 17.14.36915.13 d17.14
MinimumVisualStudioVersion = 10.0.40219.1
Project("{FAE04EC0-301F-11D3-BF4B-00C04F79EFBC}") = "HRMS.Api", "src\HRMS.Api\HRMS.Api.csproj", "{8D9EF84B-2567-44F4-902D-4EB6CA0CCD36}"
EndProject
Project("{FAE04EC0-301F-11D3-BF4B-00C04F79EFBC}") = "HRMS.Core", "src\HRMS.Core\HRMS.Core.csproj", "{81BD6E81-D64C-4D90-9B07-15EE43DE5CA5}"
EndProject
Project("{FAE04EC0-301F-11D3-BF4B-00C04F79EFBC}") = "HRMS.Data", "HRMS.Data\HRMS.Data.csproj", "{B9B1A03D-49B9-4962-848B-0F1F8DB53A6E}"
EndProject
Global
	GlobalSection(SolutionConfigurationPlatforms) = preSolution
		Debug|Any CPU = Debug|Any CPU
		Release|Any CPU = Release|Any CPU
	EndGlobalSection
	GlobalSection(ProjectConfigurationPlatforms) = postSolution
		{8D9EF84B-2567-44F4-902D-4EB6CA0CCD36}.Debug|Any CPU.ActiveCfg = Debug|Any CPU
		{8D9EF84B-2567-44F4-902D-4EB6CA0CCD36}.Debug|Any CPU.Build.0 = Debug|Any CPU
		{8D9EF84B-2567-44F4-902D-4EB6CA0CCD36}.Release|Any CPU.ActiveCfg = Release|Any CPU
		{8D9EF84B-2567-44F4-902D-4EB6CA0CCD36}.Release|Any CPU.Build.0 = Release|Any CPU
		{81BD6E81-D64C-4D90-9B07-15EE43DE5CA5}.Debug|Any CPU.ActiveCfg = Debug|Any CPU
		{81BD6E81-D64C-4D90-9B07-15EE43DE5CA5}.Debug|Any CPU.Build.0 = Debug|Any CPU
		{81BD6E81-D64C-4D90-9B07-15EE43DE5CA5}.Release|Any CPU.ActiveCfg = Release|Any CPU
		{81BD6E81-D64C-4D90-9B07-15EE43DE5CA5}.Release|Any CPU.Build.0 = Release|Any CPU
		{B9B1A03D-49B9-4962-848B-0F1F8DB53A6E}.Debug|Any CPU.ActiveCfg = Debug|Any CPU
		{B9B1A03D-49B9-4962-848B-0F1F8DB53A6E}.Debug|Any CPU.Build.0 = Debug|Any CPU
		{B9B1A03D-49B9-4962-848B-0F1F8DB53A6E}.Release|Any CPU.ActiveCfg = Release|Any CPU
		{B9B1A03D-49B9-4962-848B-0F1F8DB53A6E}.Release|Any CPU.Build.0 = Release|Any CPU
	EndGlobalSection
	GlobalSection(SolutionProperties) = preSolution
		HideSolutionNode = FALSE
	EndGlobalSection
	GlobalSection(ExtensibilityGlobals) = postSolution
		SolutionGuid = {1A6A6C6B-3033-4065-82E6-F5837D4C30D7}
	EndGlobalSection
EndGlobal
